
Microsoft Visual Studio Solution File, Format Version 12.00
# Visual Studio Version 17
VisualStudioVersion = 17.9.34607.119
MinimumVisualStudioVersion = 10.0.40219.1
Project("{9A19103F-16F7-4668-BE54-9A1E7A4F7556}") = "GingerMintSoft.DayTime", "GingerMintSoft.DayTime.csproj", "{01FAC9BB-C7CA-4387-9A32-C48C35ECE537}"
EndProject
Project("{9A19103F-16F7-4668-BE54-9A1E7A4F7556}") = "GingerMintSoft.DayTimeTest", "..\GingerMintSoft.DayTimeTest\GingerMintSoft.DayTimeTest.csproj", "{CCA90884-01BC-4854-A83B-DC1F2ABB544A}"
EndProject
Global
	GlobalSection(SolutionConfigurationPlatforms) = preSolution
		Debug|Any CPU = Debug|Any CPU
		Release|Any CPU = Release|Any CPU
	EndGlobalSection
	GlobalSection(ProjectConfigurationPlatforms) = postSolution
		{01FAC9BB-C7CA-4387-9A32-C48C35ECE537}.Debug|Any CPU.ActiveCfg = Debug|Any CPU
		{01FAC9BB-C7CA-4387-9A32-C48C35ECE537}.Debug|Any CPU.Build.0 = Debug|Any CPU
		{01FAC9BB-C7CA-4387-9A32-C48C35ECE537}.Release|Any CPU.ActiveCfg = Release|Any CPU
		{01FAC9BB-C7CA-4387-9A32-C48C35ECE537}.Release|Any CPU.Build.0 = Release|Any CPU
		{CCA90884-01BC-4854-A83B-DC1F2ABB544A}.Debug|Any CPU.ActiveCfg = Debug|Any CPU
		{CCA90884-01BC-4854-A83B-DC1F2ABB544A}.Debug|Any CPU.Build.0 = Debug|Any CPU
		{CCA90884-01BC-4854-A83B-DC1F2ABB544A}.Release|Any CPU.ActiveCfg = Release|Any CPU
		{CCA90884-01BC-4854-A83B-DC1F2ABB544A}.Release|Any CPU.Build.0 = Release|Any CPU
	EndGlobalSection
	GlobalSection(SolutionProperties) = preSolution
		HideSolutionNode = FALSE
	EndGlobalSection
	GlobalSection(ExtensibilityGlobals) = postSolution
		SolutionGuid = {8D04C743-B112-4CFB-AF1A-D630CB867F04}
	EndGlobalSection
EndGlobal
